// !$*UTF8*$!
{
	archiveVersion = 1;
	classes = {
	};
	objectVersion = 56;
	objects = {

/* Begin PBXBuildFile section */
		653CA18F2C82C5F5002732D1 /* HabitTrackerApp.swift in Sources */ = {isa = PBXBuildFile; fileRef = 653CA18E2C82C5F5002732D1 /* HabitTrackerApp.swift */; };
		653CA1912C82C5F5002732D1 /* Persistence.swift in Sources */ = {isa = PBXBuildFile; fileRef = 653CA1902C82C5F5002732D1 /* Persistence.swift */; };
		653CA1942C82C5F5002732D1 /* HabitTracker.xcdatamodeld in Sources */ = {isa = PBXBuildFile; fileRef = 653CA1922C82C5F5002732D1 /* HabitTracker.xcdatamodeld */; };
		653CA1962C82C5F5002732D1 /* ContentView.swift in Sources */ = {isa = PBXBuildFile; fileRef = 653CA1952C82C5F5002732D1 /* ContentView.swift */; };
		653CA1982C82C5F5002732D1 /* Assets.xcassets in Resources */ = {isa = PBXBuildFile; fileRef = 653CA1972C82C5F5002732D1 /* Assets.xcassets */; };
		653CA19C2C82C5F5002732D1 /* Preview Assets.xcassets in Resources */ = {isa = PBXBuildFile; fileRef = 653CA19B2C82C5F5002732D1 /* Preview Assets.xcassets */; };
		653CA1A62C82C5F6002732D1 /* HabitViewModelTests.swift in Sources */ = {isa = PBXBuildFile; fileRef = 653CA1A52C82C5F6002732D1 /* HabitViewModelTests.swift */; };
		653CA1C12C82D2B7002732D1 /* Home.swift in Sources */ = {isa = PBXBuildFile; fileRef = 653CA1C02C82D2B7002732D1 /* Home.swift */; };
		657E800D2C933AD300EB6C0A /* HabitService.swift in Sources */ = {isa = PBXBuildFile; fileRef = 657E800C2C933AD300EB6C0A /* HabitService.swift */; };
		658879742C938EF100C432E5 /* HabitFrequency.swift in Sources */ = {isa = PBXBuildFile; fileRef = 658879732C938EF100C432E5 /* HabitFrequency.swift */; };
		65916B332C891AB50093E342 /* SnackbarManager.swift in Sources */ = {isa = PBXBuildFile; fileRef = 65916B322C891AB50093E342 /* SnackbarManager.swift */; };
		65E5E5352C84C0B5003957D6 /* HabitDetailView.swift in Sources */ = {isa = PBXBuildFile; fileRef = 65E5E5342C84C0B5003957D6 /* HabitDetailView.swift */; };
		65E5E5382C84C152003957D6 /* HabitCard.swift in Sources */ = {isa = PBXBuildFile; fileRef = 65E5E5372C84C152003957D6 /* HabitCard.swift */; };
		65E5E53D2C84C468003957D6 /* HabitViewModel.swift in Sources */ = {isa = PBXBuildFile; fileRef = 65E5E53C2C84C468003957D6 /* HabitViewModel.swift */; };
		65E5E5402C84C92C003957D6 /* AddHabit.swift in Sources */ = {isa = PBXBuildFile; fileRef = 65E5E53F2C84C92C003957D6 /* AddHabit.swift */; };
		65E5E5442C88C418003957D6 /* AppDelegate.swift in Sources */ = {isa = PBXBuildFile; fileRef = 65E5E5432C88C418003957D6 /* AppDelegate.swift */; };
		65E5E54C2C88C668003957D6 /* NotificationManager.swift in Sources */ = {isa = PBXBuildFile; fileRef = 65E5E54B2C88C668003957D6 /* NotificationManager.swift */; };
		65E5E54D2C88C668003957D6 /* NotificationManager.swift in Sources */ = {isa = PBXBuildFile; fileRef = 65E5E54B2C88C668003957D6 /* NotificationManager.swift */; };
/* End PBXBuildFile section */

/* Begin PBXContainerItemProxy section */
		653CA1A22C82C5F6002732D1 /* PBXContainerItemProxy */ = {
			isa = PBXContainerItemProxy;
			containerPortal = 653CA1832C82C5F5002732D1 /* Project object */;
			proxyType = 1;
			remoteGlobalIDString = 653CA18A2C82C5F5002732D1;
			remoteInfo = HabitTracker;
		};
/* End PBXContainerItemProxy section */

/* Begin PBXFileReference section */
		653CA18B2C82C5F5002732D1 /* HabitTracker.app */ = {isa = PBXFileReference; explicitFileType = wrapper.application; includeInIndex = 0; path = HabitTracker.app; sourceTree = BUILT_PRODUCTS_DIR; };
		653CA18E2C82C5F5002732D1 /* HabitTrackerApp.swift */ = {isa = PBXFileReference; lastKnownFileType = sourcecode.swift; path = HabitTrackerApp.swift; sourceTree = "<group>"; };
		653CA1902C82C5F5002732D1 /* Persistence.swift */ = {isa = PBXFileReference; lastKnownFileType = sourcecode.swift; path = Persistence.swift; sourceTree = "<group>"; };
		653CA1932C82C5F5002732D1 /* HabitTracker.xcdatamodel */ = {isa = PBXFileReference; lastKnownFileType = wrapper.xcdatamodel; path = HabitTracker.xcdatamodel; sourceTree = "<group>"; };
		653CA1952C82C5F5002732D1 /* ContentView.swift */ = {isa = PBXFileReference; lastKnownFileType = sourcecode.swift; path = ContentView.swift; sourceTree = "<group>"; };
		653CA1972C82C5F5002732D1 /* Assets.xcassets */ = {isa = PBXFileReference; lastKnownFileType = folder.assetcatalog; path = Assets.xcassets; sourceTree = "<group>"; };
		653CA1992C82C5F5002732D1 /* HabitTracker.entitlements */ = {isa = PBXFileReference; lastKnownFileType = text.plist.entitlements; path = HabitTracker.entitlements; sourceTree = "<group>"; };
		653CA19B2C82C5F5002732D1 /* Preview Assets.xcassets */ = {isa = PBXFileReference; lastKnownFileType = folder.assetcatalog; path = "Preview Assets.xcassets"; sourceTree = "<group>"; };
		653CA1A12C82C5F6002732D1 /* HabitTrackerTests.xctest */ = {isa = PBXFileReference; explicitFileType = wrapper.cfbundle; includeInIndex = 0; path = HabitTrackerTests.xctest; sourceTree = BUILT_PRODUCTS_DIR; };
		653CA1A52C82C5F6002732D1 /* HabitViewModelTests.swift */ = {isa = PBXFileReference; lastKnownFileType = sourcecode.swift; path = HabitViewModelTests.swift; sourceTree = "<group>"; };
		653CA1C02C82D2B7002732D1 /* Home.swift */ = {isa = PBXFileReference; lastKnownFileType = sourcecode.swift; path = Home.swift; sourceTree = "<group>"; };
		657E800C2C933AD300EB6C0A /* HabitService.swift */ = {isa = PBXFileReference; lastKnownFileType = sourcecode.swift; path = HabitService.swift; sourceTree = "<group>"; };
		658879732C938EF100C432E5 /* HabitFrequency.swift */ = {isa = PBXFileReference; lastKnownFileType = sourcecode.swift; path = HabitFrequency.swift; sourceTree = "<group>"; };
		65916B322C891AB50093E342 /* SnackbarManager.swift */ = {isa = PBXFileReference; lastKnownFileType = sourcecode.swift; path = SnackbarManager.swift; sourceTree = "<group>"; };
		65E5E5342C84C0B5003957D6 /* HabitDetailView.swift */ = {isa = PBXFileReference; lastKnownFileType = sourcecode.swift; path = HabitDetailView.swift; sourceTree = "<group>"; };
		65E5E5372C84C152003957D6 /* HabitCard.swift */ = {isa = PBXFileReference; lastKnownFileType = sourcecode.swift; path = HabitCard.swift; sourceTree = "<group>"; };
		65E5E53C2C84C468003957D6 /* HabitViewModel.swift */ = {isa = PBXFileReference; lastKnownFileType = sourcecode.swift; path = HabitViewModel.swift; sourceTree = "<group>"; };
		65E5E53F2C84C92C003957D6 /* AddHabit.swift */ = {isa = PBXFileReference; lastKnownFileType = sourcecode.swift; path = AddHabit.swift; sourceTree = "<group>"; };
		65E5E5432C88C418003957D6 /* AppDelegate.swift */ = {isa = PBXFileReference; lastKnownFileType = sourcecode.swift; path = AppDelegate.swift; sourceTree = "<group>"; };
		65E5E54B2C88C668003957D6 /* NotificationManager.swift */ = {isa = PBXFileReference; lastKnownFileType = sourcecode.swift; path = NotificationManager.swift; sourceTree = "<group>"; };
/* End PBXFileReference section */

/* Begin PBXFrameworksBuildPhase section */
		653CA1882C82C5F5002732D1 /* Frameworks */ = {
			isa = PBXFrameworksBuildPhase;
			buildActionMask = 2147483647;
			files = (
			);
			runOnlyForDeploymentPostprocessing = 0;
		};
		653CA19E2C82C5F6002732D1 /* Frameworks */ = {
			isa = PBXFrameworksBuildPhase;
			buildActionMask = 2147483647;
			files = (
			);
			runOnlyForDeploymentPostprocessing = 0;
		};
/* End PBXFrameworksBuildPhase section */

/* Begin PBXGroup section */
		653CA1822C82C5F5002732D1 = {
			isa = PBXGroup;
			children = (
				653CA18D2C82C5F5002732D1 /* HabitTracker */,
				653CA1A42C82C5F6002732D1 /* HabitTrackerTests */,
				653CA18C2C82C5F5002732D1 /* Products */,
			);
			sourceTree = "<group>";
		};
		653CA18C2C82C5F5002732D1 /* Products */ = {
			isa = PBXGroup;
			children = (
				653CA18B2C82C5F5002732D1 /* HabitTracker.app */,
				653CA1A12C82C5F6002732D1 /* HabitTrackerTests.xctest */,
			);
			name = Products;
			sourceTree = "<group>";
		};
		653CA18D2C82C5F5002732D1 /* HabitTracker */ = {
			isa = PBXGroup;
			children = (
				65E5E5452C88C557003957D6 /* Service */,
				65E5E5332C841C70003957D6 /* Helpers */,
				65E5E5322C841C64003957D6 /* Resources */,
				653CA1BF2C82D298002732D1 /* ViewModel */,
				653CA1BE2C82D28B002732D1 /* View */,
				653CA18E2C82C5F5002732D1 /* HabitTrackerApp.swift */,
				653CA1902C82C5F5002732D1 /* Persistence.swift */,
				653CA1952C82C5F5002732D1 /* ContentView.swift */,
				653CA1992C82C5F5002732D1 /* HabitTracker.entitlements */,
				653CA1922C82C5F5002732D1 /* HabitTracker.xcdatamodeld */,
				653CA19A2C82C5F5002732D1 /* Preview Content */,
				65E5E5432C88C418003957D6 /* AppDelegate.swift */,
			);
			path = HabitTracker;
			sourceTree = "<group>";
		};
		653CA19A2C82C5F5002732D1 /* Preview Content */ = {
			isa = PBXGroup;
			children = (
				653CA19B2C82C5F5002732D1 /* Preview Assets.xcassets */,
			);
			path = "Preview Content";
			sourceTree = "<group>";
		};
		653CA1A42C82C5F6002732D1 /* HabitTrackerTests */ = {
			isa = PBXGroup;
			children = (
				653CA1A52C82C5F6002732D1 /* HabitViewModelTests.swift */,
			);
			path = HabitTrackerTests;
			sourceTree = "<group>";
		};
		653CA1BE2C82D28B002732D1 /* View */ = {
			isa = PBXGroup;
			children = (
				65E5E53E2C84C8EE003957D6 /* Habit */,
				65E5E5362C84C145003957D6 /* Home */,
			);
			path = View;
			sourceTree = "<group>";
		};
		653CA1BF2C82D298002732D1 /* ViewModel */ = {
			isa = PBXGroup;
			children = (
				65E5E53C2C84C468003957D6 /* HabitViewModel.swift */,
			);
			path = ViewModel;
			sourceTree = "<group>";
		};
		65E5E5322C841C64003957D6 /* Resources */ = {
			isa = PBXGroup;
			children = (
				653CA1972C82C5F5002732D1 /* Assets.xcassets */,
			);
			path = Resources;
			sourceTree = "<group>";
		};
		65E5E5332C841C70003957D6 /* Helpers */ = {
			isa = PBXGroup;
			children = (
				65E5E54B2C88C668003957D6 /* NotificationManager.swift */,
				65916B322C891AB50093E342 /* SnackbarManager.swift */,
				658879732C938EF100C432E5 /* HabitFrequency.swift */,
			);
			path = Helpers;
			sourceTree = "<group>";
		};
		65E5E5362C84C145003957D6 /* Home */ = {
			isa = PBXGroup;
			children = (
				653CA1C02C82D2B7002732D1 /* Home.swift */,
			);
			path = Home;
			sourceTree = "<group>";
		};
		65E5E53E2C84C8EE003957D6 /* Habit */ = {
			isa = PBXGroup;
			children = (
				65E5E5342C84C0B5003957D6 /* HabitDetailView.swift */,
				65E5E5372C84C152003957D6 /* HabitCard.swift */,
				65E5E53F2C84C92C003957D6 /* AddHabit.swift */,
			);
			path = Habit;
			sourceTree = "<group>";
		};
		65E5E5452C88C557003957D6 /* Service */ = {
			isa = PBXGroup;
			children = (
				657E800C2C933AD300EB6C0A /* HabitService.swift */,
			);
			path = Service;
			sourceTree = "<group>";
		};
/* End PBXGroup section */

/* Begin PBXNativeTarget section */
		653CA18A2C82C5F5002732D1 /* HabitTracker */ = {
			isa = PBXNativeTarget;
			buildConfigurationList = 653CA1B52C82C5F6002732D1 /* Build configuration list for PBXNativeTarget "HabitTracker" */;
			buildPhases = (
				653CA1872C82C5F5002732D1 /* Sources */,
				653CA1882C82C5F5002732D1 /* Frameworks */,
				653CA1892C82C5F5002732D1 /* Resources */,
			);
			buildRules = (
			);
			dependencies = (
			);
			name = HabitTracker;
			productName = HabitTracker;
			productReference = 653CA18B2C82C5F5002732D1 /* HabitTracker.app */;
			productType = "com.apple.product-type.application";
		};
		653CA1A02C82C5F6002732D1 /* HabitTrackerTests */ = {
			isa = PBXNativeTarget;
			buildConfigurationList = 653CA1B82C82C5F6002732D1 /* Build configuration list for PBXNativeTarget "HabitTrackerTests" */;
			buildPhases = (
				653CA19D2C82C5F6002732D1 /* Sources */,
				653CA19E2C82C5F6002732D1 /* Frameworks */,
				653CA19F2C82C5F6002732D1 /* Resources */,
			);
			buildRules = (
			);
			dependencies = (
				653CA1A32C82C5F6002732D1 /* PBXTargetDependency */,
			);
			name = HabitTrackerTests;
			productName = HabitTrackerTests;
			productReference = 653CA1A12C82C5F6002732D1 /* HabitTrackerTests.xctest */;
			productType = "com.apple.product-type.bundle.unit-test";
		};
/* End PBXNativeTarget section */

/* Begin PBXProject section */
		653CA1832C82C5F5002732D1 /* Project object */ = {
			isa = PBXProject;
			attributes = {
				BuildIndependentTargetsInParallel = 1;
				LastSwiftUpdateCheck = 1530;
				LastUpgradeCheck = 1530;
				TargetAttributes = {
					653CA18A2C82C5F5002732D1 = {
						CreatedOnToolsVersion = 15.3;
					};
					653CA1A02C82C5F6002732D1 = {
						CreatedOnToolsVersion = 15.3;
						LastSwiftMigration = 1530;
						TestTargetID = 653CA18A2C82C5F5002732D1;
					};
				};
			};
			buildConfigurationList = 653CA1862C82C5F5002732D1 /* Build configuration list for PBXProject "HabitTracker" */;
			compatibilityVersion = "Xcode 14.0";
			developmentRegion = en;
			hasScannedForEncodings = 0;
			knownRegions = (
				en,
				Base,
			);
			mainGroup = 653CA1822C82C5F5002732D1;
			productRefGroup = 653CA18C2C82C5F5002732D1 /* Products */;
			projectDirPath = "";
			projectRoot = "";
			targets = (
				653CA18A2C82C5F5002732D1 /* HabitTracker */,
				653CA1A02C82C5F6002732D1 /* HabitTrackerTests */,
			);
		};
/* End PBXProject section */

/* Begin PBXResourcesBuildPhase section */
		653CA1892C82C5F5002732D1 /* Resources */ = {
			isa = PBXResourcesBuildPhase;
			buildActionMask = 2147483647;
			files = (
				653CA19C2C82C5F5002732D1 /* Preview Assets.xcassets in Resources */,
				653CA1982C82C5F5002732D1 /* Assets.xcassets in Resources */,
			);
			runOnlyForDeploymentPostprocessing = 0;
		};
		653CA19F2C82C5F6002732D1 /* Resources */ = {
			isa = PBXResourcesBuildPhase;
			buildActionMask = 2147483647;
			files = (
			);
			runOnlyForDeploymentPostprocessing = 0;
		};
/* End PBXResourcesBuildPhase section */

/* Begin PBXSourcesBuildPhase section */
		653CA1872C82C5F5002732D1 /* Sources */ = {
			isa = PBXSourcesBuildPhase;
			buildActionMask = 2147483647;
			files = (
				65E5E5442C88C418003957D6 /* AppDelegate.swift in Sources */,
				653CA18F2C82C5F5002732D1 /* HabitTrackerApp.swift in Sources */,
				653CA1912C82C5F5002732D1 /* Persistence.swift in Sources */,
				65E5E5352C84C0B5003957D6 /* HabitDetailView.swift in Sources */,
				657E800D2C933AD300EB6C0A /* HabitService.swift in Sources */,
				65916B332C891AB50093E342 /* SnackbarManager.swift in Sources */,
				653CA1C12C82D2B7002732D1 /* Home.swift in Sources */,
				65E5E54C2C88C668003957D6 /* NotificationManager.swift in Sources */,
				653CA1962C82C5F5002732D1 /* ContentView.swift in Sources */,
				65E5E5382C84C152003957D6 /* HabitCard.swift in Sources */,
				65E5E5402C84C92C003957D6 /* AddHabit.swift in Sources */,
				658879742C938EF100C432E5 /* HabitFrequency.swift in Sources */,
				65E5E53D2C84C468003957D6 /* HabitViewModel.swift in Sources */,
				653CA1942C82C5F5002732D1 /* HabitTracker.xcdatamodeld in Sources */,
			);
			runOnlyForDeploymentPostprocessing = 0;
		};
		653CA19D2C82C5F6002732D1 /* Sources */ = {
			isa = PBXSourcesBuildPhase;
			buildActionMask = 2147483647;
			files = (
				65E5E54D2C88C668003957D6 /* NotificationManager.swift in Sources */,
				653CA1A62C82C5F6002732D1 /* HabitViewModelTests.swift in Sources */,
			);
			runOnlyForDeploymentPostprocessing = 0;
		};
/* End PBXSourcesBuildPhase section */

/* Begin PBXTargetDependency section */
		653CA1A32C82C5F6002732D1 /* PBXTargetDependency */ = {
			isa = PBXTargetDependency;
			target = 653CA18A2C82C5F5002732D1 /* HabitTracker */;
			targetProxy = 653CA1A22C82C5F6002732D1 /* PBXContainerItemProxy */;
		};
/* End PBXTargetDependency section */

/* Begin XCBuildConfiguration section */
		653CA1B32C82C5F6002732D1 /* Debug */ = {
			isa = XCBuildConfiguration;
			buildSettings = {
				ALWAYS_SEARCH_USER_PATHS = NO;
				ASSETCATALOG_COMPILER_GENERATE_SWIFT_ASSET_SYMBOL_EXTENSIONS = YES;
				CLANG_ANALYZER_NONNULL = YES;
				CLANG_ANALYZER_NUMBER_OBJECT_CONVERSION = YES_AGGRESSIVE;
				CLANG_CXX_LANGUAGE_STANDARD = "gnu++20";
				CLANG_ENABLE_MODULES = YES;
				CLANG_ENABLE_OBJC_ARC = YES;
				CLANG_ENABLE_OBJC_WEAK = YES;
				CLANG_WARN_BLOCK_CAPTURE_AUTORELEASING = YES;
				CLANG_WARN_BOOL_CONVERSION = YES;
				CLANG_WARN_COMMA = YES;
				CLANG_WARN_CONSTANT_CONVERSION = YES;
				CLANG_WARN_DEPRECATED_OBJC_IMPLEMENTATIONS = YES;
				CLANG_WARN_DIRECT_OBJC_ISA_USAGE = YES_ERROR;
				CLANG_WARN_DOCUMENTATION_COMMENTS = YES;
				CLANG_WARN_EMPTY_BODY = YES;
				CLANG_WARN_ENUM_CONVERSION = YES;
				CLANG_WARN_INFINITE_RECURSION = YES;
				CLANG_WARN_INT_CONVERSION = YES;
				CLANG_WARN_NON_LITERAL_NULL_CONVERSION = YES;
				CLANG_WARN_OBJC_IMPLICIT_RETAIN_SELF = YES;
				CLANG_WARN_OBJC_LITERAL_CONVERSION = YES;
				CLANG_WARN_OBJC_ROOT_CLASS = YES_ERROR;
				CLANG_WARN_QUOTED_INCLUDE_IN_FRAMEWORK_HEADER = YES;
				CLANG_WARN_RANGE_LOOP_ANALYSIS = YES;
				CLANG_WARN_STRICT_PROTOTYPES = YES;
				CLANG_WARN_SUSPICIOUS_MOVE = YES;
				CLANG_WARN_UNGUARDED_AVAILABILITY = YES_AGGRESSIVE;
				CLANG_WARN_UNREACHABLE_CODE = YES;
				CLANG_WARN__DUPLICATE_METHOD_MATCH = YES;
				COPY_PHASE_STRIP = NO;
				DEBUG_INFORMATION_FORMAT = dwarf;
				ENABLE_STRICT_OBJC_MSGSEND = YES;
				ENABLE_TESTABILITY = YES;
				ENABLE_USER_SCRIPT_SANDBOXING = YES;
				GCC_C_LANGUAGE_STANDARD = gnu17;
				GCC_DYNAMIC_NO_PIC = NO;
				GCC_NO_COMMON_BLOCKS = YES;
				GCC_OPTIMIZATION_LEVEL = 0;
				GCC_PREPROCESSOR_DEFINITIONS = (
					"DEBUG=1",
					"$(inherited)",
				);
				GCC_WARN_64_TO_32_BIT_CONVERSION = YES;
				GCC_WARN_ABOUT_RETURN_TYPE = YES_ERROR;
				GCC_WARN_UNDECLARED_SELECTOR = YES;
				GCC_WARN_UNINITIALIZED_AUTOS = YES_AGGRESSIVE;
				GCC_WARN_UNUSED_FUNCTION = YES;
				GCC_WARN_UNUSED_VARIABLE = YES;
				LOCALIZATION_PREFERS_STRING_CATALOGS = YES;
				MTL_ENABLE_DEBUG_INFO = INCLUDE_SOURCE;
				MTL_FAST_MATH = YES;
				ONLY_ACTIVE_ARCH = YES;
				SWIFT_ACTIVE_COMPILATION_CONDITIONS = "DEBUG $(inherited)";
				SWIFT_OPTIMIZATION_LEVEL = "-Onone";
			};
			name = Debug;
		};
		653CA1B42C82C5F6002732D1 /* Release */ = {
			isa = XCBuildConfiguration;
			buildSettings = {
				ALWAYS_SEARCH_USER_PATHS = NO;
				ASSETCATALOG_COMPILER_GENERATE_SWIFT_ASSET_SYMBOL_EXTENSIONS = YES;
				CLANG_ANALYZER_NONNULL = YES;
				CLANG_ANALYZER_NUMBER_OBJECT_CONVERSION = YES_AGGRESSIVE;
				CLANG_CXX_LANGUAGE_STANDARD = "gnu++20";
				CLANG_ENABLE_MODULES = YES;
				CLANG_ENABLE_OBJC_ARC = YES;
				CLANG_ENABLE_OBJC_WEAK = YES;
				CLANG_WARN_BLOCK_CAPTURE_AUTORELEASING = YES;
				CLANG_WARN_BOOL_CONVERSION = YES;
				CLANG_WARN_COMMA = YES;
				CLANG_WARN_CONSTANT_CONVERSION = YES;
				CLANG_WARN_DEPRECATED_OBJC_IMPLEMENTATIONS = YES;
				CLANG_WARN_DIRECT_OBJC_ISA_USAGE = YES_ERROR;
				CLANG_WARN_DOCUMENTATION_COMMENTS = YES;
				CLANG_WARN_EMPTY_BODY = YES;
				CLANG_WARN_ENUM_CONVERSION = YES;
				CLANG_WARN_INFINITE_RECURSION = YES;
				CLANG_WARN_INT_CONVERSION = YES;
				CLANG_WARN_NON_LITERAL_NULL_CONVERSION = YES;
				CLANG_WARN_OBJC_IMPLICIT_RETAIN_SELF = YES;
				CLANG_WARN_OBJC_LITERAL_CONVERSION = YES;
				CLANG_WARN_OBJC_ROOT_CLASS = YES_ERROR;
				CLANG_WARN_QUOTED_INCLUDE_IN_FRAMEWORK_HEADER = YES;
				CLANG_WARN_RANGE_LOOP_ANALYSIS = YES;
				CLANG_WARN_STRICT_PROTOTYPES = YES;
				CLANG_WARN_SUSPICIOUS_MOVE = YES;
				CLANG_WARN_UNGUARDED_AVAILABILITY = YES_AGGRESSIVE;
				CLANG_WARN_UNREACHABLE_CODE = YES;
				CLANG_WARN__DUPLICATE_METHOD_MATCH = YES;
				COPY_PHASE_STRIP = NO;
				DEBUG_INFORMATION_FORMAT = "dwarf-with-dsym";
				ENABLE_NS_ASSERTIONS = NO;
				ENABLE_STRICT_OBJC_MSGSEND = YES;
				ENABLE_USER_SCRIPT_SANDBOXING = YES;
				GCC_C_LANGUAGE_STANDARD = gnu17;
				GCC_NO_COMMON_BLOCKS = YES;
				GCC_WARN_64_TO_32_BIT_CONVERSION = YES;
				GCC_WARN_ABOUT_RETURN_TYPE = YES_ERROR;
				GCC_WARN_UNDECLARED_SELECTOR = YES;
				GCC_WARN_UNINITIALIZED_AUTOS = YES_AGGRESSIVE;
				GCC_WARN_UNUSED_FUNCTION = YES;
				GCC_WARN_UNUSED_VARIABLE = YES;
				LOCALIZATION_PREFERS_STRING_CATALOGS = YES;
				MTL_ENABLE_DEBUG_INFO = NO;
				MTL_FAST_MATH = YES;
				SWIFT_COMPILATION_MODE = wholemodule;
			};
			name = Release;
		};
		653CA1B62C82C5F6002732D1 /* Debug */ = {
			isa = XCBuildConfiguration;
			buildSettings = {
				ASSETCATALOG_COMPILER_APPICON_NAME = AppIcon;
				ASSETCATALOG_COMPILER_GLOBAL_ACCENT_COLOR_NAME = AccentColor;
				CODE_SIGN_ENTITLEMENTS = HabitTracker/HabitTracker.entitlements;
				CODE_SIGN_STYLE = Automatic;
				CURRENT_PROJECT_VERSION = 1;
				DEVELOPMENT_ASSET_PATHS = "\"HabitTracker/Preview Content\"";
				DEVELOPMENT_TEAM = S357R5N2VM;
				ENABLE_HARDENED_RUNTIME = YES;
				ENABLE_PREVIEWS = YES;
				GENERATE_INFOPLIST_FILE = YES;
				"INFOPLIST_KEY_UIApplicationSceneManifest_Generation[sdk=iphoneos*]" = YES;
				"INFOPLIST_KEY_UIApplicationSceneManifest_Generation[sdk=iphonesimulator*]" = YES;
				"INFOPLIST_KEY_UIApplicationSupportsIndirectInputEvents[sdk=iphoneos*]" = YES;
				"INFOPLIST_KEY_UIApplicationSupportsIndirectInputEvents[sdk=iphonesimulator*]" = YES;
				"INFOPLIST_KEY_UILaunchScreen_Generation[sdk=iphoneos*]" = YES;
				"INFOPLIST_KEY_UILaunchScreen_Generation[sdk=iphonesimulator*]" = YES;
				"INFOPLIST_KEY_UIStatusBarStyle[sdk=iphoneos*]" = UIStatusBarStyleDefault;
				"INFOPLIST_KEY_UIStatusBarStyle[sdk=iphonesimulator*]" = UIStatusBarStyleDefault;
				INFOPLIST_KEY_UISupportedInterfaceOrientations_iPad = "UIInterfaceOrientationPortrait UIInterfaceOrientationPortraitUpsideDown UIInterfaceOrientationLandscapeLeft UIInterfaceOrientationLandscapeRight";
				INFOPLIST_KEY_UISupportedInterfaceOrientations_iPhone = "UIInterfaceOrientationPortrait UIInterfaceOrientationLandscapeLeft UIInterfaceOrientationLandscapeRight";
				IPHONEOS_DEPLOYMENT_TARGET = 17.4;
				LD_RUNPATH_SEARCH_PATHS = "@executable_path/Frameworks";
				"LD_RUNPATH_SEARCH_PATHS[sdk=macosx*]" = "@executable_path/../Frameworks";
				MACOSX_DEPLOYMENT_TARGET = 14.4;
				MARKETING_VERSION = 1.0;
				PRODUCT_BUNDLE_IDENTIFIER = com.falkaniere.HabitTracker;
				PRODUCT_NAME = "$(TARGET_NAME)";
				SDKROOT = auto;
				SUPPORTED_PLATFORMS = "iphoneos iphonesimulator macosx";
				SWIFT_EMIT_LOC_STRINGS = YES;
				SWIFT_VERSION = 5.0;
				TARGETED_DEVICE_FAMILY = "1,2";
			};
			name = Debug;
		};
		653CA1B72C82C5F6002732D1 /* Release */ = {
			isa = XCBuildConfiguration;
			buildSettings = {
				ASSETCATALOG_COMPILER_APPICON_NAME = AppIcon;
				ASSETCATALOG_COMPILER_GLOBAL_ACCENT_COLOR_NAME = AccentColor;
				CODE_SIGN_ENTITLEMENTS = HabitTracker/HabitTracker.entitlements;
				CODE_SIGN_STYLE = Automatic;
				CURRENT_PROJECT_VERSION = 1;
				DEVELOPMENT_ASSET_PATHS = "\"HabitTracker/Preview Content\"";
				DEVELOPMENT_TEAM = S357R5N2VM;
				ENABLE_HARDENED_RUNTIME = YES;
				ENABLE_PREVIEWS = YES;
				GENERATE_INFOPLIST_FILE = YES;
				"INFOPLIST_KEY_UIApplicationSceneManifest_Generation[sdk=iphoneos*]" = YES;
				"INFOPLIST_KEY_UIApplicationSceneManifest_Generation[sdk=iphonesimulator*]" = YES;
				"INFOPLIST_KEY_UIApplicationSupportsIndirectInputEvents[sdk=iphoneos*]" = YES;
				"INFOPLIST_KEY_UIApplicationSupportsIndirectInputEvents[sdk=iphonesimulator*]" = YES;
				"INFOPLIST_KEY_UILaunchScreen_Generation[sdk=iphoneos*]" = YES;
				"INFOPLIST_KEY_UILaunchScreen_Generation[sdk=iphonesimulator*]" = YES;
				"INFOPLIST_KEY_UIStatusBarStyle[sdk=iphoneos*]" = UIStatusBarStyleDefault;
				"INFOPLIST_KEY_UIStatusBarStyle[sdk=iphonesimulator*]" = UIStatusBarStyleDefault;
				INFOPLIST_KEY_UISupportedInterfaceOrientations_iPad = "UIInterfaceOrientationPortrait UIInterfaceOrientationPortraitUpsideDown UIInterfaceOrientationLandscapeLeft UIInterfaceOrientationLandscapeRight";
				INFOPLIST_KEY_UISupportedInterfaceOrientations_iPhone = "UIInterfaceOrientationPortrait UIInterfaceOrientationLandscapeLeft UIInterfaceOrientationLandscapeRight";
				IPHONEOS_DEPLOYMENT_TARGET = 17.4;
				LD_RUNPATH_SEARCH_PATHS = "@executable_path/Frameworks";
				"LD_RUNPATH_SEARCH_PATHS[sdk=macosx*]" = "@executable_path/../Frameworks";
				MACOSX_DEPLOYMENT_TARGET = 14.4;
				MARKETING_VERSION = 1.0;
				PRODUCT_BUNDLE_IDENTIFIER = com.falkaniere.HabitTracker;
				PRODUCT_NAME = "$(TARGET_NAME)";
				SDKROOT = auto;
				SUPPORTED_PLATFORMS = "iphoneos iphonesimulator macosx";
				SWIFT_EMIT_LOC_STRINGS = YES;
				SWIFT_VERSION = 5.0;
				TARGETED_DEVICE_FAMILY = "1,2";
			};
			name = Release;
		};
		653CA1B92C82C5F6002732D1 /* Debug */ = {
			isa = XCBuildConfiguration;
			buildSettings = {
				ALWAYS_EMBED_SWIFT_STANDARD_LIBRARIES = YES;
				BUNDLE_LOADER = "$(TEST_HOST)";
				CLANG_ENABLE_MODULES = YES;
				CODE_SIGN_STYLE = Automatic;
				CURRENT_PROJECT_VERSION = 1;
				DEVELOPMENT_TEAM = S357R5N2VM;
				GENERATE_INFOPLIST_FILE = YES;
				IPHONEOS_DEPLOYMENT_TARGET = 17.4;
				MACOSX_DEPLOYMENT_TARGET = 14.4;
				MARKETING_VERSION = 1.0;
				PRODUCT_BUNDLE_IDENTIFIER = com.falkaniere.HabitTrackerTests;
				PRODUCT_NAME = "$(TARGET_NAME)";
				SDKROOT = auto;
				SUPPORTED_PLATFORMS = "iphoneos iphonesimulator macosx";
				SWIFT_EMIT_LOC_STRINGS = NO;
				SWIFT_OBJC_BRIDGING_HEADER = "HabitTrackerTests/HabitTrackerTests-Bridging-Header.h";
				SWIFT_OPTIMIZATION_LEVEL = "-Onone";
				SWIFT_VERSION = 5.0;
				TARGETED_DEVICE_FAMILY = "1,2";
				TEST_HOST = "$(BUILT_PRODUCTS_DIR)/HabitTracker.app/$(BUNDLE_EXECUTABLE_FOLDER_PATH)/HabitTracker";
			};
			name = Debug;
		};
		653CA1BA2C82C5F6002732D1 /* Release */ = {
			isa = XCBuildConfiguration;
			buildSettings = {
				ALWAYS_EMBED_SWIFT_STANDARD_LIBRARIES = YES;
				BUNDLE_LOADER = "$(TEST_HOST)";
				CLANG_ENABLE_MODULES = YES;
				CODE_SIGN_STYLE = Automatic;
				CURRENT_PROJECT_VERSION = 1;
				DEVELOPMENT_TEAM = S357R5N2VM;
				GENERATE_INFOPLIST_FILE = YES;
				IPHONEOS_DEPLOYMENT_TARGET = 17.4;
				MACOSX_DEPLOYMENT_TARGET = 14.4;
				MARKETING_VERSION = 1.0;
				PRODUCT_BUNDLE_IDENTIFIER = com.falkaniere.HabitTrackerTests;
				PRODUCT_NAME = "$(TARGET_NAME)";
				SDKROOT = auto;
				SUPPORTED_PLATFORMS = "iphoneos iphonesimulator macosx";
				SWIFT_EMIT_LOC_STRINGS = NO;
				SWIFT_OBJC_BRIDGING_HEADER = "HabitTrackerTests/HabitTrackerTests-Bridging-Header.h";
				SWIFT_VERSION = 5.0;
				TARGETED_DEVICE_FAMILY = "1,2";
				TEST_HOST = "$(BUILT_PRODUCTS_DIR)/HabitTracker.app/$(BUNDLE_EXECUTABLE_FOLDER_PATH)/HabitTracker";
			};
			name = Release;
		};
/* End XCBuildConfiguration section */

/* Begin XCConfigurationList section */
		653CA1862C82C5F5002732D1 /* Build configuration list for PBXProject "HabitTracker" */ = {
			isa = XCConfigurationList;
			buildConfigurations = (
				653CA1B32C82C5F6002732D1 /* Debug */,
				653CA1B42C82C5F6002732D1 /* Release */,
			);
			defaultConfigurationIsVisible = 0;
			defaultConfigurationName = Release;
		};
		653CA1B52C82C5F6002732D1 /* Build configuration list for PBXNativeTarget "HabitTracker" */ = {
			isa = XCConfigurationList;
			buildConfigurations = (
				653CA1B62C82C5F6002732D1 /* Debug */,
				653CA1B72C82C5F6002732D1 /* Release */,
			);
			defaultConfigurationIsVisible = 0;
			defaultConfigurationName = Release;
		};
		653CA1B82C82C5F6002732D1 /* Build configuration list for PBXNativeTarget "HabitTrackerTests" */ = {
			isa = XCConfigurationList;
			buildConfigurations = (
				653CA1B92C82C5F6002732D1 /* Debug */,
				653CA1BA2C82C5F6002732D1 /* Release */,
			);
			defaultConfigurationIsVisible = 0;
			defaultConfigurationName = Release;
		};
/* End XCConfigurationList section */

/* Begin XCVersionGroup section */
		653CA1922C82C5F5002732D1 /* HabitTracker.xcdatamodeld */ = {
			isa = XCVersionGroup;
			children = (
				653CA1932C82C5F5002732D1 /* HabitTracker.xcdatamodel */,
			);
			currentVersion = 653CA1932C82C5F5002732D1 /* HabitTracker.xcdatamodel */;
			path = HabitTracker.xcdatamodeld;
			sourceTree = "<group>";
			versionGroupType = wrapper.xcdatamodel;
		};
/* End XCVersionGroup section */
	};
	rootObject = 653CA1832C82C5F5002732D1 /* Project object */;
}
